
Microsoft Visual Studio Solution File, Format Version 12.00
# Visual Studio Version 17
VisualStudioVersion = 17.5.33424.131
MinimumVisualStudioVersion = 10.0.40219.1
Project("{FAE04EC0-301F-11D3-BF4B-00C04F79EFBC}") = "WPF Math Game Outline", "WPF Math Game Outline\WPF Math Game Outline.csproj", "{342C5E1A-B101-4D48-B370-824ECEF5ED4F}"
EndProject
Project("{2150E333-8FDC-42A3-9474-1A3956D46DE8}") = "Images", "Images", "{266CBA20-B414-40E7-A83A-68830A2262BE}"
	ProjectSection(SolutionItems) = preProject
		..\..\..\..\..\..\Downloads\storm_trooper.jpg = ..\..\..\..\..\..\Downloads\storm_trooper.jpg
		..\..\..\..\..\..\Downloads\storm_trooper.png = ..\..\..\..\..\..\Downloads\storm_trooper.png
	EndProjectSection
EndProject
Global
	GlobalSection(SolutionConfigurationPlatforms) = preSolution
		Debug|x86 = Debug|x86
		Release|x86 = Release|x86
	EndGlobalSection
	GlobalSection(ProjectConfigurationPlatforms) = postSolution
		{342C5E1A-B101-4D48-B370-824ECEF5ED4F}.Debug|x86.ActiveCfg = Debug|x86
		{342C5E1A-B101-4D48-B370-824ECEF5ED4F}.Debug|x86.Build.0 = Debug|x86
		{342C5E1A-B101-4D48-B370-824ECEF5ED4F}.Release|x86.ActiveCfg = Release|x86
		{342C5E1A-B101-4D48-B370-824ECEF5ED4F}.Release|x86.Build.0 = Release|x86
	EndGlobalSection
	GlobalSection(SolutionProperties) = preSolution
		HideSolutionNode = FALSE
	EndGlobalSection
EndGlobal
